lockfileVersion: '9.0'

settings:
  autoInstallPeers: true
  excludeLinksFromLockfile: false

importers:

  .:
    devDependencies:
      '@catppuccin/tailwindcss':
        specifier: ^1.0.0
        version: 1.0.0

packages:

  '@catppuccin/tailwindcss@1.0.0':
    resolution: {integrity: sha512-l8pOlcYe2ncGd8a1gUmL5AHmKlxR2+CHuG5kt4Me6IZwzntW1DoLmj89BH+DcsPHBsdDGLrTSv35emlYyU3FeQ==}
    engines: {node: '>=22.0.0'}

snapshots:

  '@catppuccin/tailwindcss@1.0.0': {}
